
Microsoft Visual Studio Solution File, Format Version 12.00
# Visual Studio 2012
Project("{8BC9CEB8-8B4A-11D0-8D11-00A0C91BC942}") = "injector_vs2012", "injector_vs2012\injector_vs2012.vcxproj", "{636E3946-0AF8-4D47-8D54-1BAE45CAF351}"
EndProject
Global
	GlobalSection(SolutionConfigurationPlatforms) = preSolution
		Debug|Win32 = Debug|Win32
		Debug|x64 = Debug|x64
		Release|Win32 = Release|Win32
		Release|x64 = Release|x64
	EndGlobalSection
	GlobalSection(ProjectConfigurationPlatforms) = postSolution
		{636E3946-0AF8-4D47-8D54-1BAE45CAF351}.Debug|Win32.ActiveCfg = Debug|Win32
		{636E3946-0AF8-4D47-8D54-1BAE45CAF351}.Debug|Win32.Build.0 = Debug|Win32
		{636E3946-0AF8-4D47-8D54-1BAE45CAF351}.Debug|x64.ActiveCfg = Debug|x64
		{636E3946-0AF8-4D47-8D54-1BAE45CAF351}.Debug|x64.Build.0 = Debug|x64
		{636E3946-0AF8-4D47-8D54-1BAE45CAF351}.Release|Win32.ActiveCfg = Release|Win32
		{636E3946-0AF8-4D47-8D54-1BAE45CAF351}.Release|Win32.Build.0 = Release|Win32
		{636E3946-0AF8-4D47-8D54-1BAE45CAF351}.Release|x64.ActiveCfg = Release|x64
		{636E3946-0AF8-4D47-8D54-1BAE45CAF351}.Release|x64.Build.0 = Release|x64
	EndGlobalSection
	GlobalSection(SolutionProperties) = preSolution
		HideSolutionNode = FALSE
	EndGlobalSection
EndGlobal
